
Microsoft Visual Studio Solution File, Format Version 12.00
# Visual Studio Version 16
VisualStudioVersion = 16.0.31112.23
MinimumVisualStudioVersion = 10.0.40219.1
Project("{FAE04EC0-301F-11D3-BF4B-00C04F79EFBC}") = "MyWebAppCodeFirst", "MyWebAppCodeFirst\MyWebAppCodeFirst.csproj", "{94F8F16D-F6F5-47D8-9ED5-B5B6DA86B4CA}"
EndProject
Global
	GlobalSection(SolutionConfigurationPlatforms) = preSolution
		Debug|Any CPU = Debug|Any CPU
		Release|Any CPU = Release|Any CPU
	EndGlobalSection
	GlobalSection(ProjectConfigurationPlatforms) = postSolution
		{94F8F16D-F6F5-47D8-9ED5-B5B6DA86B4CA}.Debug|Any CPU.ActiveCfg = Debug|Any CPU
		{94F8F16D-F6F5-47D8-9ED5-B5B6DA86B4CA}.Debug|Any CPU.Build.0 = Debug|Any CPU
		{94F8F16D-F6F5-47D8-9ED5-B5B6DA86B4CA}.Release|Any CPU.ActiveCfg = Release|Any CPU
		{94F8F16D-F6F5-47D8-9ED5-B5B6DA86B4CA}.Release|Any CPU.Build.0 = Release|Any CPU
	EndGlobalSection
	GlobalSection(SolutionProperties) = preSolution
		HideSolutionNode = FALSE
	EndGlobalSection
	GlobalSection(ExtensibilityGlobals) = postSolution
		SolutionGuid = {2DEF97BE-2F50-40D9-B581-ACF828AC326D}
	EndGlobalSection
EndGlobal
