
Microsoft Visual Studio Solution File, Format Version 12.00
# Visual Studio Version 16
VisualStudioVersion = 16.0.31112.23
MinimumVisualStudioVersion = 10.0.40219.1
Project("{FAE04EC0-301F-11D3-BF4B-00C04F79EFBC}") = "FptAptechBikeStore", "FptAptechBikeStore\FptAptechBikeStore.csproj", "{46A3B54F-3E09-433E-8582-DFB88B6B7DB2}"
EndProject
Global
	GlobalSection(SolutionConfigurationPlatforms) = preSolution
		Debug|Any CPU = Debug|Any CPU
		Release|Any CPU = Release|Any CPU
	EndGlobalSection
	GlobalSection(ProjectConfigurationPlatforms) = postSolution
		{46A3B54F-3E09-433E-8582-DFB88B6B7DB2}.Debug|Any CPU.ActiveCfg = Debug|Any CPU
		{46A3B54F-3E09-433E-8582-DFB88B6B7DB2}.Debug|Any CPU.Build.0 = Debug|Any CPU
		{46A3B54F-3E09-433E-8582-DFB88B6B7DB2}.Release|Any CPU.ActiveCfg = Release|Any CPU
		{46A3B54F-3E09-433E-8582-DFB88B6B7DB2}.Release|Any CPU.Build.0 = Release|Any CPU
	EndGlobalSection
	GlobalSection(SolutionProperties) = preSolution
		HideSolutionNode = FALSE
	EndGlobalSection
	GlobalSection(ExtensibilityGlobals) = postSolution
		SolutionGuid = {3379CA86-D23C-4F59-A0C1-F731E950AF26}
	EndGlobalSection
EndGlobal
